
Microsoft Visual Studio Solution File, Format Version 12.00
# Visual Studio 2013
VisualStudioVersion = 12.0.31101.0
MinimumVisualStudioVersion = 10.0.40219.1
Project("{FAE04EC0-301F-11D3-BF4B-00C04F79EFBC}") = "Plugin.Console", "Plugin.Console\Plugin.Console.csproj", "{5ABD93D3-FCA1-4084-A5D9-129B6703C6E2}"
EndProject
Project("{FAE04EC0-301F-11D3-BF4B-00C04F79EFBC}") = "PluginContracts", "PluginContracts\PluginContracts.csproj", "{4C3FE882-068C-4EEA-8710-E36B5D4936F0}"
EndProject
Project("{FAE04EC0-301F-11D3-BF4B-00C04F79EFBC}") = "MyPlugin", "MyPlugin\MyPlugin.csproj", "{90C85985-64D6-4D9F-B1BC-B79947649083}"
EndProject
Global
	GlobalSection(SolutionConfigurationPlatforms) = preSolution
		Debug|Any CPU = Debug|Any CPU
		Release|Any CPU = Release|Any CPU
	EndGlobalSection
	GlobalSection(ProjectConfigurationPlatforms) = postSolution
		{5ABD93D3-FCA1-4084-A5D9-129B6703C6E2}.Debug|Any CPU.ActiveCfg = Debug|Any CPU
		{5ABD93D3-FCA1-4084-A5D9-129B6703C6E2}.Debug|Any CPU.Build.0 = Debug|Any CPU
		{5ABD93D3-FCA1-4084-A5D9-129B6703C6E2}.Release|Any CPU.ActiveCfg = Release|Any CPU
		{5ABD93D3-FCA1-4084-A5D9-129B6703C6E2}.Release|Any CPU.Build.0 = Release|Any CPU
		{4C3FE882-068C-4EEA-8710-E36B5D4936F0}.Debug|Any CPU.ActiveCfg = Debug|Any CPU
		{4C3FE882-068C-4EEA-8710-E36B5D4936F0}.Debug|Any CPU.Build.0 = Debug|Any CPU
		{4C3FE882-068C-4EEA-8710-E36B5D4936F0}.Release|Any CPU.ActiveCfg = Release|Any CPU
		{4C3FE882-068C-4EEA-8710-E36B5D4936F0}.Release|Any CPU.Build.0 = Release|Any CPU
		{90C85985-64D6-4D9F-B1BC-B79947649083}.Debug|Any CPU.ActiveCfg = Debug|Any CPU
		{90C85985-64D6-4D9F-B1BC-B79947649083}.Debug|Any CPU.Build.0 = Debug|Any CPU
		{90C85985-64D6-4D9F-B1BC-B79947649083}.Release|Any CPU.ActiveCfg = Release|Any CPU
		{90C85985-64D6-4D9F-B1BC-B79947649083}.Release|Any CPU.Build.0 = Release|Any CPU
	EndGlobalSection
	GlobalSection(SolutionProperties) = preSolution
		HideSolutionNode = FALSE
	EndGlobalSection
EndGlobal
